{
  "nodes": {
    "clj-build": {
      "inputs": {
        "nixpkgs": [
          "nixpkgs"
        ]
      },
      "locked": {
        "lastModified": 1790438077,
        "narHash": "sha256-+32wW0sv3yl0Z+oYOHGZ36X4NhpmGuSqN6HN9nSDcio=",
        "owner": "LiGoldragon",
        "repo": "clj-build",
        "rev": "8cc9991fcb840636215bf829ca6ed9489e3071d7",
        "type": "github"
      },
      "original": {
        "owner": "LiGoldragon",
        "repo": "clj-build",
        "type": "github"
      }
    },
    "nixpkgs": {
      "locked": {
        "lastModified": 1790185690,
        "narHash": "sha256-xJ+X4hBtOcAFGBOe5nAMyMUeF9foJBmIOu3NjBqBycU=",
        "owner": "NixOS",
        "repo": "nixpkgs",
        "rev": "4975466d324710c576dc11ad614684e6bd8cad8e",
        "type": "github"
      },
      "original": {
        "owner": "NixOS",
        "ref": "nixos-unstable",
        "repo": "nixpkgs",
        "type": "github"
      }
    },
    "root": {
      "inputs": {
        "clj-build": "clj-build",
        "nixpkgs": "nixpkgs"
      }
    }
  },
  "root": "root",
  "version": 7
}
