{
  "nodes": {
    "clj-build": {
      "inputs": {
        "nixpkgs": [
          "nixpkgs"
        ]
      },
      "locked": {
        "lastModified": 1790372915,
        "narHash": "sha256-5r/NvchgUrsMidcZpAEZ3cabwc7iIALwPn9q5Uv3S00=",
        "owner": "LiGoldragon",
        "repo": "clj-build",
        "rev": "01126ad41b8f06ebd1469db30e89efc7dc74b649",
        "type": "github"
      },
      "original": {
        "owner": "LiGoldragon",
        "repo": "clj-build",
        "type": "github"
      }
    },
    "nixpkgs": {
      "locked": {
        "lastModified": 1790185690,
        "narHash": "sha256-xJ+X4hBtOcAFGBOe5nAMyMUeF9foJBmIOu3NjBqBycU=",
        "owner": "NixOS",
        "repo": "nixpkgs",
        "rev": "4975466d324710c576dc11ad614684e6bd8cad8e",
        "type": "github"
      },
      "original": {
        "owner": "NixOS",
        "ref": "nixos-unstable",
        "repo": "nixpkgs",
        "type": "github"
      }
    },
    "root": {
      "inputs": {
        "clj-build": "clj-build",
        "nixpkgs": "nixpkgs"
      }
    }
  },
  "root": "root",
  "version": 7
}
